// !$*UTF8*$!
{
	archiveVersion = 1;
	classes = {
	};
	objectVersion = 46;
	objects = {

/* Begin PBXBuildFile section */
		2F38D3351F7D53E10050A5A8 /* AppDelegate.swift in Sources */ = {isa = PBXBuildFile; fileRef = 2F38D3341F7D53E10050A5A8 /* AppDelegate.swift */; };
		2F38D3371F7D53E10050A5A8 /* ViewController.swift in Sources */ = {isa = PBXBuildFile; fileRef = 2F38D3361F7D53E10050A5A8 /* ViewController.swift */; };
		2F38D33A1F7D53E10050A5A8 /* Main.storyboard in Resources */ = {isa = PBXBuildFile; fileRef = 2F38D3381F7D53E10050A5A8 /* Main.storyboard */; };
		2F38D33C1F7D53E10050A5A8 /* Assets.xcassets in Resources */ = {isa = PBXBuildFile; fileRef = 2F38D33B1F7D53E10050A5A8 /* Assets.xcassets */; };
		2F38D33F1F7D53E10050A5A8 /* LaunchScreen.storyboard in Resources */ = {isa = PBXBuildFile; fileRef = 2F38D33D1F7D53E10050A5A8 /* LaunchScreen.storyboard */; };
		2F38D3471F7D540A0050A5A8 /* Example1VC.swift in Sources */ = {isa = PBXBuildFile; fileRef = 2F38D3461F7D540A0050A5A8 /* Example1VC.swift */; };
		2F38D3491F7D541B0050A5A8 /* Example2VC.swift in Sources */ = {isa = PBXBuildFile; fileRef = 2F38D3481F7D541B0050A5A8 /* Example2VC.swift */; };
		2F38D34B1F7D542B0050A5A8 /* Example3VC.swift in Sources */ = {isa = PBXBuildFile; fileRef = 2F38D34A1F7D542B0050A5A8 /* Example3VC.swift */; };
		2F38D34D1F7D54450050A5A8 /* ChessBoardAnchorVC.swift in Sources */ = {isa = PBXBuildFile; fileRef = 2F38D34C1F7D54450050A5A8 /* ChessBoardAnchorVC.swift */; };
		2F38D34F1F7D54560050A5A8 /* ChessBoardVFLVC.swift in Sources */ = {isa = PBXBuildFile; fileRef = 2F38D34E1F7D54560050A5A8 /* ChessBoardVFLVC.swift */; };
/* End PBXBuildFile section */

/* Begin PBXFileReference section */
		2F38D3311F7D53E10050A5A8 /* LayoutAnchors.app */ = {isa = PBXFileReference; explicitFileType = wrapper.application; includeInIndex = 0; path = LayoutAnchors.app; sourceTree = BUILT_PRODUCTS_DIR; };
		2F38D3341F7D53E10050A5A8 /* AppDelegate.swift */ = {isa = PBXFileReference; lastKnownFileType = sourcecode.swift; path = AppDelegate.swift; sourceTree = "<group>"; };
		2F38D3361F7D53E10050A5A8 /* ViewController.swift */ = {isa = PBXFileReference; lastKnownFileType = sourcecode.swift; path = ViewController.swift; sourceTree = "<group>"; };
		2F38D3391F7D53E10050A5A8 /* Base */ = {isa = PBXFileReference; lastKnownFileType = file.storyboard; name = Base; path = Base.lproj/Main.storyboard; sourceTree = "<group>"; };
		2F38D33B1F7D53E10050A5A8 /* Assets.xcassets */ = {isa = PBXFileReference; lastKnownFileType = folder.assetcatalog; path = Assets.xcassets; sourceTree = "<group>"; };
		2F38D33E1F7D53E10050A5A8 /* Base */ = {isa = PBXFileReference; lastKnownFileType = file.storyboard; name = Base; path = Base.lproj/LaunchScreen.storyboard; sourceTree = "<group>"; };
		2F38D3401F7D53E10050A5A8 /* Info.plist */ = {isa = PBXFileReference; lastKnownFileType = text.plist.xml; path = Info.plist; sourceTree = "<group>"; };
		2F38D3461F7D540A0050A5A8 /* Example1VC.swift */ = {isa = PBXFileReference; fileEncoding = 4; lastKnownFileType = sourcecode.swift; path = Example1VC.swift; sourceTree = "<group>"; };
		2F38D3481F7D541B0050A5A8 /* Example2VC.swift */ = {isa = PBXFileReference; fileEncoding = 4; lastKnownFileType = sourcecode.swift; path = Example2VC.swift; sourceTree = "<group>"; };
		2F38D34A1F7D542B0050A5A8 /* Example3VC.swift */ = {isa = PBXFileReference; fileEncoding = 4; lastKnownFileType = sourcecode.swift; path = Example3VC.swift; sourceTree = "<group>"; };
		2F38D34C1F7D54450050A5A8 /* ChessBoardAnchorVC.swift */ = {isa = PBXFileReference; fileEncoding = 4; lastKnownFileType = sourcecode.swift; path = ChessBoardAnchorVC.swift; sourceTree = "<group>"; };
		2F38D34E1F7D54560050A5A8 /* ChessBoardVFLVC.swift */ = {isa = PBXFileReference; fileEncoding = 4; lastKnownFileType = sourcecode.swift; path = ChessBoardVFLVC.swift; sourceTree = "<group>"; };
/* End PBXFileReference section */

/* Begin PBXFrameworksBuildPhase section */
		2F38D32E1F7D53E10050A5A8 /* Frameworks */ = {
			isa = PBXFrameworksBuildPhase;
			buildActionMask = 2147483647;
			files = (
			);
			runOnlyForDeploymentPostprocessing = 0;
		};
/* End PBXFrameworksBuildPhase section */

/* Begin PBXGroup section */
		2F38D3281F7D53E10050A5A8 = {
			isa = PBXGroup;
			children = (
				2F38D3331F7D53E10050A5A8 /* LayoutAnchors */,
				2F38D3321F7D53E10050A5A8 /* Products */,
			);
			sourceTree = "<group>";
		};
		2F38D3321F7D53E10050A5A8 /* Products */ = {
			isa = PBXGroup;
			children = (
				2F38D3311F7D53E10050A5A8 /* LayoutAnchors.app */,
			);
			name = Products;
			sourceTree = "<group>";
		};
		2F38D3331F7D53E10050A5A8 /* LayoutAnchors */ = {
			isa = PBXGroup;
			children = (
				2F38D3341F7D53E10050A5A8 /* AppDelegate.swift */,
				2F38D3361F7D53E10050A5A8 /* ViewController.swift */,
				2F38D3381F7D53E10050A5A8 /* Main.storyboard */,
				2F38D33B1F7D53E10050A5A8 /* Assets.xcassets */,
				2F38D33D1F7D53E10050A5A8 /* LaunchScreen.storyboard */,
				2F38D3401F7D53E10050A5A8 /* Info.plist */,
				2F38D3461F7D540A0050A5A8 /* Example1VC.swift */,
				2F38D3481F7D541B0050A5A8 /* Example2VC.swift */,
				2F38D34A1F7D542B0050A5A8 /* Example3VC.swift */,
				2F38D34C1F7D54450050A5A8 /* ChessBoardAnchorVC.swift */,
				2F38D34E1F7D54560050A5A8 /* ChessBoardVFLVC.swift */,
			);
			path = LayoutAnchors;
			sourceTree = "<group>";
		};
/* End PBXGroup section */

/* Begin PBXNativeTarget section */
		2F38D3301F7D53E10050A5A8 /* LayoutAnchors */ = {
			isa = PBXNativeTarget;
			buildConfigurationList = 2F38D3431F7D53E10050A5A8 /* Build configuration list for PBXNativeTarget "LayoutAnchors" */;
			buildPhases = (
				2F38D32D1F7D53E10050A5A8 /* Sources */,
				2F38D32E1F7D53E10050A5A8 /* Frameworks */,
				2F38D32F1F7D53E10050A5A8 /* Resources */,
			);
			buildRules = (
			);
			dependencies = (
			);
			name = LayoutAnchors;
			productName = LayoutAnchors;
			productReference = 2F38D3311F7D53E10050A5A8 /* LayoutAnchors.app */;
			productType = "com.apple.product-type.application";
		};
/* End PBXNativeTarget section */

/* Begin PBXProject section */
		2F38D3291F7D53E10050A5A8 /* Project object */ = {
			isa = PBXProject;
			attributes = {
				LastSwiftUpdateCheck = 0830;
				LastUpgradeCheck = 0830;
				ORGANIZATIONNAME = "Hassan Ahmed Khan";
				TargetAttributes = {
					2F38D3301F7D53E10050A5A8 = {
						CreatedOnToolsVersion = 8.3.3;
						ProvisioningStyle = Automatic;
					};
				};
			};
			buildConfigurationList = 2F38D32C1F7D53E10050A5A8 /* Build configuration list for PBXProject "LayoutAnchors" */;
			compatibilityVersion = "Xcode 3.2";
			developmentRegion = English;
			hasScannedForEncodings = 0;
			knownRegions = (
				en,
				Base,
			);
			mainGroup = 2F38D3281F7D53E10050A5A8;
			productRefGroup = 2F38D3321F7D53E10050A5A8 /* Products */;
			projectDirPath = "";
			projectRoot = "";
			targets = (
				2F38D3301F7D53E10050A5A8 /* LayoutAnchors */,
			);
		};
/* End PBXProject section */

/* Begin PBXResourcesBuildPhase section */
		2F38D32F1F7D53E10050A5A8 /* Resources */ = {
			isa = PBXResourcesBuildPhase;
			buildActionMask = 2147483647;
			files = (
				2F38D33F1F7D53E10050A5A8 /* LaunchScreen.storyboard in Resources */,
				2F38D33C1F7D53E10050A5A8 /* Assets.xcassets in Resources */,
				2F38D33A1F7D53E10050A5A8 /* Main.storyboard in Resources */,
			);
			runOnlyForDeploymentPostprocessing = 0;
		};
/* End PBXResourcesBuildPhase section */

/* Begin PBXSourcesBuildPhase section */
		2F38D32D1F7D53E10050A5A8 /* Sources */ = {
			isa = PBXSourcesBuildPhase;
			buildActionMask = 2147483647;
			files = (
				2F38D34F1F7D54560050A5A8 /* ChessBoardVFLVC.swift in Sources */,
				2F38D3471F7D540A0050A5A8 /* Example1VC.swift in Sources */,
				2F38D34D1F7D54450050A5A8 /* ChessBoardAnchorVC.swift in Sources */,
				2F38D3371F7D53E10050A5A8 /* ViewController.swift in Sources */,
				2F38D3491F7D541B0050A5A8 /* Example2VC.swift in Sources */,
				2F38D34B1F7D542B0050A5A8 /* Example3VC.swift in Sources */,
				2F38D3351F7D53E10050A5A8 /* AppDelegate.swift in Sources */,
			);
			runOnlyForDeploymentPostprocessing = 0;
		};
/* End PBXSourcesBuildPhase section */

/* Begin PBXVariantGroup section */
		2F38D3381F7D53E10050A5A8 /* Main.storyboard */ = {
			isa = PBXVariantGroup;
			children = (
				2F38D3391F7D53E10050A5A8 /* Base */,
			);
			name = Main.storyboard;
			sourceTree = "<group>";
		};
		2F38D33D1F7D53E10050A5A8 /* LaunchScreen.storyboard */ = {
			isa = PBXVariantGroup;
			children = (
				2F38D33E1F7D53E10050A5A8 /* Base */,
			);
			name = LaunchScreen.storyboard;
			sourceTree = "<group>";
		};
/* End PBXVariantGroup section */

/* Begin XCBuildConfiguration section */
		2F38D3411F7D53E10050A5A8 /* Debug */ = {
			isa = XCBuildConfiguration;
			buildSettings = {
				ALWAYS_SEARCH_USER_PATHS = NO;
				CLANG_ANALYZER_NONNULL = YES;
				CLANG_ANALYZER_NUMBER_OBJECT_CONVERSION = YES_AGGRESSIVE;
				CLANG_CXX_LANGUAGE_STANDARD = "gnu++0x";
				CLANG_CXX_LIBRARY = "libc++";
				CLANG_ENABLE_MODULES = YES;
				CLANG_ENABLE_OBJC_ARC = YES;
				CLANG_WARN_BOOL_CONVERSION = YES;
				CLANG_WARN_CONSTANT_CONVERSION = YES;
				CLANG_WARN_DIRECT_OBJC_ISA_USAGE = YES_ERROR;
				CLANG_WARN_DOCUMENTATION_COMMENTS = YES;
				CLANG_WARN_EMPTY_BODY = YES;
				CLANG_WARN_ENUM_CONVERSION = YES;
				CLANG_WARN_INFINITE_RECURSION = YES;
				CLANG_WARN_INT_CONVERSION = YES;
				CLANG_WARN_OBJC_ROOT_CLASS = YES_ERROR;
				CLANG_WARN_SUSPICIOUS_MOVE = YES;
				CLANG_WARN_UNREACHABLE_CODE = YES;
				CLANG_WARN__DUPLICATE_METHOD_MATCH = YES;
				"CODE_SIGN_IDENTITY[sdk=iphoneos*]" = "iPhone Developer";
				COPY_PHASE_STRIP = NO;
				DEBUG_INFORMATION_FORMAT = dwarf;
				ENABLE_STRICT_OBJC_MSGSEND = YES;
				ENABLE_TESTABILITY = YES;
				GCC_C_LANGUAGE_STANDARD = gnu99;
				GCC_DYNAMIC_NO_PIC = NO;
				GCC_NO_COMMON_BLOCKS = YES;
				GCC_OPTIMIZATION_LEVEL = 0;
				GCC_PREPROCESSOR_DEFINITIONS = (
					"DEBUG=1",
					"$(inherited)",
				);
				GCC_WARN_64_TO_32_BIT_CONVERSION = YES;
				GCC_WARN_ABOUT_RETURN_TYPE = YES_ERROR;
				GCC_WARN_UNDECLARED_SELECTOR = YES;
				GCC_WARN_UNINITIALIZED_AUTOS = YES_AGGRESSIVE;
				GCC_WARN_UNUSED_FUNCTION = YES;
				GCC_WARN_UNUSED_VARIABLE = YES;
				IPHONEOS_DEPLOYMENT_TARGET = 10.3;
				MTL_ENABLE_DEBUG_INFO = YES;
				ONLY_ACTIVE_ARCH = YES;
				SDKROOT = iphoneos;
				SWIFT_ACTIVE_COMPILATION_CONDITIONS = DEBUG;
				SWIFT_OPTIMIZATION_LEVEL = "-Onone";
				TARGETED_DEVICE_FAMILY = "1,2";
			};
			name = Debug;
		};
		2F38D3421F7D53E10050A5A8 /* Release */ = {
			isa = XCBuildConfiguration;
			buildSettings = {
				ALWAYS_SEARCH_USER_PATHS = NO;
				CLANG_ANALYZER_NONNULL = YES;
				CLANG_ANALYZER_NUMBER_OBJECT_CONVERSION = YES_AGGRESSIVE;
				CLANG_CXX_LANGUAGE_STANDARD = "gnu++0x";
				CLANG_CXX_LIBRARY = "libc++";
				CLANG_ENABLE_MODULES = YES;
				CLANG_ENABLE_OBJC_ARC = YES;
				CLANG_WARN_BOOL_CONVERSION = YES;
				CLANG_WARN_CONSTANT_CONVERSION = YES;
				CLANG_WARN_DIRECT_OBJC_ISA_USAGE = YES_ERROR;
				CLANG_WARN_DOCUMENTATION_COMMENTS = YES;
				CLANG_WARN_EMPTY_BODY = YES;
				CLANG_WARN_ENUM_CONVERSION = YES;
				CLANG_WARN_INFINITE_RECURSION = YES;
				CLANG_WARN_INT_CONVERSION = YES;
				CLANG_WARN_OBJC_ROOT_CLASS = YES_ERROR;
				CLANG_WARN_SUSPICIOUS_MOVE = YES;
				CLANG_WARN_UNREACHABLE_CODE = YES;
				CLANG_WARN__DUPLICATE_METHOD_MATCH = YES;
				"CODE_SIGN_IDENTITY[sdk=iphoneos*]" = "iPhone Developer";
				COPY_PHASE_STRIP = NO;
				DEBUG_INFORMATION_FORMAT = "dwarf-with-dsym";
				ENABLE_NS_ASSERTIONS = NO;
				ENABLE_STRICT_OBJC_MSGSEND = YES;
				GCC_C_LANGUAGE_STANDARD = gnu99;
				GCC_NO_COMMON_BLOCKS = YES;
				GCC_WARN_64_TO_32_BIT_CONVERSION = YES;
				GCC_WARN_ABOUT_RETURN_TYPE = YES_ERROR;
				GCC_WARN_UNDECLARED_SELECTOR = YES;
				GCC_WARN_UNINITIALIZED_AUTOS = YES_AGGRESSIVE;
				GCC_WARN_UNUSED_FUNCTION = YES;
				GCC_WARN_UNUSED_VARIABLE = YES;
				IPHONEOS_DEPLOYMENT_TARGET = 10.3;
				MTL_ENABLE_DEBUG_INFO = NO;
				SDKROOT = iphoneos;
				SWIFT_OPTIMIZATION_LEVEL = "-Owholemodule";
				TARGETED_DEVICE_FAMILY = "1,2";
				VALIDATE_PRODUCT = YES;
			};
			name = Release;
		};
		2F38D3441F7D53E10050A5A8 /* Debug */ = {
			isa = XCBuildConfiguration;
			buildSettings = {
				ASSETCATALOG_COMPILER_APPICON_NAME = AppIcon;
				INFOPLIST_FILE = LayoutAnchors/Info.plist;
				LD_RUNPATH_SEARCH_PATHS = "$(inherited) @executable_path/Frameworks";
				PRODUCT_BUNDLE_IDENTIFIER = com.ihak.LayoutAnchors;
				PRODUCT_NAME = "$(TARGET_NAME)";
				SWIFT_VERSION = 3.0;
			};
			name = Debug;
		};
		2F38D3451F7D53E10050A5A8 /* Release */ = {
			isa = XCBuildConfiguration;
			buildSettings = {
				ASSETCATALOG_COMPILER_APPICON_NAME = AppIcon;
				INFOPLIST_FILE = LayoutAnchors/Info.plist;
				LD_RUNPATH_SEARCH_PATHS = "$(inherited) @executable_path/Frameworks";
				PRODUCT_BUNDLE_IDENTIFIER = com.ihak.LayoutAnchors;
				PRODUCT_NAME = "$(TARGET_NAME)";
				SWIFT_VERSION = 3.0;
			};
			name = Release;
		};
/* End XCBuildConfiguration section */

/* Begin XCConfigurationList section */
		2F38D32C1F7D53E10050A5A8 /* Build configuration list for PBXProject "LayoutAnchors" */ = {
			isa = XCConfigurationList;
			buildConfigurations = (
				2F38D3411F7D53E10050A5A8 /* Debug */,
				2F38D3421F7D53E10050A5A8 /* Release */,
			);
			defaultConfigurationIsVisible = 0;
			defaultConfigurationName = Release;
		};
		2F38D3431F7D53E10050A5A8 /* Build configuration list for PBXNativeTarget "LayoutAnchors" */ = {
			isa = XCConfigurationList;
			buildConfigurations = (
				2F38D3441F7D53E10050A5A8 /* Debug */,
				2F38D3451F7D53E10050A5A8 /* Release */,
			);
			defaultConfigurationIsVisible = 0;
		};
/* End XCConfigurationList section */
	};
	rootObject = 2F38D3291F7D53E10050A5A8 /* Project object */;
}
